
Microsoft Visual Studio Solution File, Format Version 12.00
# Visual Studio 15
VisualStudioVersion = 15.0.28307.1082
MinimumVisualStudioVersion = 10.0.40219.1
Project("{FAE04EC0-301F-11D3-BF4B-00C04F79EFBC}") = "Calculadora_Simples_Console", "Calculadora_Simples_Console\Calculadora_Simples_Console.csproj", "{369F92DD-4915-44E0-BB74-1C5086737058}"
EndProject
Global
	GlobalSection(SolutionConfigurationPlatforms) = preSolution
		Debug|Any CPU = Debug|Any CPU
		Release|Any CPU = Release|Any CPU
	EndGlobalSection
	GlobalSection(ProjectConfigurationPlatforms) = postSolution
		{369F92DD-4915-44E0-BB74-1C5086737058}.Debug|Any CPU.ActiveCfg = Debug|Any CPU
		{369F92DD-4915-44E0-BB74-1C5086737058}.Debug|Any CPU.Build.0 = Debug|Any CPU
		{369F92DD-4915-44E0-BB74-1C5086737058}.Release|Any CPU.ActiveCfg = Release|Any CPU
		{369F92DD-4915-44E0-BB74-1C5086737058}.Release|Any CPU.Build.0 = Release|Any CPU
	EndGlobalSection
	GlobalSection(SolutionProperties) = preSolution
		HideSolutionNode = FALSE
	EndGlobalSection
	GlobalSection(ExtensibilityGlobals) = postSolution
		SolutionGuid = {88DF86A1-25CA-440A-A567-B4ED1C29A137}
	EndGlobalSection
EndGlobal
